// !$*UTF8*$!
{
	archiveVersion = 1;
	classes = {
	};
	objectVersion = 56;
	objects = {

/* Begin PBXBuildFile section */
		20083AF2A19AC5CB3F86DD22 /* Pods_LetsGetWeather.framework in Frameworks */ = {isa = PBXBuildFile; fileRef = 7FFA96E85F255AADC1AB6846 /* Pods_LetsGetWeather.framework */; };
		445F066632B23D593C4680F6 /* Pods_LetsGetWeather_LetsGetWeatherUITests.framework in Frameworks */ = {isa = PBXBuildFile; fileRef = 49A298B78FF47180A0980E7F /* Pods_LetsGetWeather_LetsGetWeatherUITests.framework */; };
		8C1573C52C2B393F00152A90 /* WeatherViewModel.swift in Sources */ = {isa = PBXBuildFile; fileRef = 8C1573C42C2B393F00152A90 /* WeatherViewModel.swift */; };
		8C1573C72C2B395200152A90 /* WeatherModel.swift in Sources */ = {isa = PBXBuildFile; fileRef = 8C1573C62C2B395200152A90 /* WeatherModel.swift */; };
		8C1573C92C2B397C00152A90 /* Networking.swift in Sources */ = {isa = PBXBuildFile; fileRef = 8C1573C82C2B397C00152A90 /* Networking.swift */; };
		8C1573CB2C2B39F200152A90 /* LocationModel.swift in Sources */ = {isa = PBXBuildFile; fileRef = 8C1573CA2C2B39F200152A90 /* LocationModel.swift */; };
		8C1573CD2C2B3A0900152A90 /* CurrentModel.swift in Sources */ = {isa = PBXBuildFile; fileRef = 8C1573CC2C2B3A0900152A90 /* CurrentModel.swift */; };
		8C1573CF2C2B3B3400152A90 /* ConditionModel.swift in Sources */ = {isa = PBXBuildFile; fileRef = 8C1573CE2C2B3B3400152A90 /* ConditionModel.swift */; };
		8C1573D22C2B3DCF00152A90 /* NetworkDataLoader.swift in Sources */ = {isa = PBXBuildFile; fileRef = 8C1573D12C2B3DCF00152A90 /* NetworkDataLoader.swift */; };
		8C1573D92C2B6A1400152A90 /* Constants.swift in Sources */ = {isa = PBXBuildFile; fileRef = 8C1573D82C2B6A1400152A90 /* Constants.swift */; };
		8CD802132C2B2BF100F2E383 /* AppDelegate.swift in Sources */ = {isa = PBXBuildFile; fileRef = 8CD802122C2B2BF100F2E383 /* AppDelegate.swift */; };
		8CD802152C2B2BF100F2E383 /* SceneDelegate.swift in Sources */ = {isa = PBXBuildFile; fileRef = 8CD802142C2B2BF100F2E383 /* SceneDelegate.swift */; };
		8CD802172C2B2BF100F2E383 /* WeatherViewController.swift in Sources */ = {isa = PBXBuildFile; fileRef = 8CD802162C2B2BF100F2E383 /* WeatherViewController.swift */; };
		8CD8021C2C2B2BF200F2E383 /* Assets.xcassets in Resources */ = {isa = PBXBuildFile; fileRef = 8CD8021B2C2B2BF200F2E383 /* Assets.xcassets */; };
		8CD8021F2C2B2BF200F2E383 /* Base in Resources */ = {isa = PBXBuildFile; fileRef = 8CD8021E2C2B2BF200F2E383 /* Base */; };
		8CD8022A2C2B2BF200F2E383 /* LetsGetWeatherTests.swift in Sources */ = {isa = PBXBuildFile; fileRef = 8CD802292C2B2BF200F2E383 /* LetsGetWeatherTests.swift */; };
		8CD802342C2B2BF200F2E383 /* LetsGetWeatherUITests.swift in Sources */ = {isa = PBXBuildFile; fileRef = 8CD802332C2B2BF200F2E383 /* LetsGetWeatherUITests.swift */; };
		8CD802362C2B2BF200F2E383 /* LetsGetWeatherUITestsLaunchTests.swift in Sources */ = {isa = PBXBuildFile; fileRef = 8CD802352C2B2BF200F2E383 /* LetsGetWeatherUITestsLaunchTests.swift */; };
		F383C597207ADEA591192749 /* Pods_LetsGetWeatherTests.framework in Frameworks */ = {isa = PBXBuildFile; fileRef = 371A2A3B2241AC2E35EF85D6 /* Pods_LetsGetWeatherTests.framework */; };
/* End PBXBuildFile section */

/* Begin PBXContainerItemProxy section */
		8CD802262C2B2BF200F2E383 /* PBXContainerItemProxy */ = {
			isa = PBXContainerItemProxy;
			containerPortal = 8CD802072C2B2BF100F2E383 /* Project object */;
			proxyType = 1;
			remoteGlobalIDString = 8CD8020E2C2B2BF100F2E383;
			remoteInfo = LetsGetWeather;
		};
		8CD802302C2B2BF200F2E383 /* PBXContainerItemProxy */ = {
			isa = PBXContainerItemProxy;
			containerPortal = 8CD802072C2B2BF100F2E383 /* Project object */;
			proxyType = 1;
			remoteGlobalIDString = 8CD8020E2C2B2BF100F2E383;
			remoteInfo = LetsGetWeather;
		};
/* End PBXContainerItemProxy section */

/* Begin PBXFileReference section */
		175B5B129A9D523E453C8FFE /* Pods-LetsGetWeather-LetsGetWeatherUITests.release.xcconfig */ = {isa = PBXFileReference; includeInIndex = 1; lastKnownFileType = text.xcconfig; name = "Pods-LetsGetWeather-LetsGetWeatherUITests.release.xcconfig"; path = "Target Support Files/Pods-LetsGetWeather-LetsGetWeatherUITests/Pods-LetsGetWeather-LetsGetWeatherUITests.release.xcconfig"; sourceTree = "<group>"; };
		371A2A3B2241AC2E35EF85D6 /* Pods_LetsGetWeatherTests.framework */ = {isa = PBXFileReference; explicitFileType = wrapper.framework; includeInIndex = 0; path = Pods_LetsGetWeatherTests.framework; sourceTree = BUILT_PRODUCTS_DIR; };
		49A298B78FF47180A0980E7F /* Pods_LetsGetWeather_LetsGetWeatherUITests.framework */ = {isa = PBXFileReference; explicitFileType = wrapper.framework; includeInIndex = 0; path = Pods_LetsGetWeather_LetsGetWeatherUITests.framework; sourceTree = BUILT_PRODUCTS_DIR; };
		795774BD494236AD4A1CD1C1 /* Pods-LetsGetWeatherTests.debug.xcconfig */ = {isa = PBXFileReference; includeInIndex = 1; lastKnownFileType = text.xcconfig; name = "Pods-LetsGetWeatherTests.debug.xcconfig"; path = "Target Support Files/Pods-LetsGetWeatherTests/Pods-LetsGetWeatherTests.debug.xcconfig"; sourceTree = "<group>"; };
		7FFA96E85F255AADC1AB6846 /* Pods_LetsGetWeather.framework */ = {isa = PBXFileReference; explicitFileType = wrapper.framework; includeInIndex = 0; path = Pods_LetsGetWeather.framework; sourceTree = BUILT_PRODUCTS_DIR; };
		8C1573C42C2B393F00152A90 /* WeatherViewModel.swift */ = {isa = PBXFileReference; lastKnownFileType = sourcecode.swift; path = WeatherViewModel.swift; sourceTree = "<group>"; };
		8C1573C62C2B395200152A90 /* WeatherModel.swift */ = {isa = PBXFileReference; lastKnownFileType = sourcecode.swift; path = WeatherModel.swift; sourceTree = "<group>"; };
		8C1573C82C2B397C00152A90 /* Networking.swift */ = {isa = PBXFileReference; lastKnownFileType = sourcecode.swift; path = Networking.swift; sourceTree = "<group>"; };
		8C1573CA2C2B39F200152A90 /* LocationModel.swift */ = {isa = PBXFileReference; lastKnownFileType = sourcecode.swift; path = LocationModel.swift; sourceTree = "<group>"; };
		8C1573CC2C2B3A0900152A90 /* CurrentModel.swift */ = {isa = PBXFileReference; lastKnownFileType = sourcecode.swift; path = CurrentModel.swift; sourceTree = "<group>"; };
		8C1573CE2C2B3B3400152A90 /* ConditionModel.swift */ = {isa = PBXFileReference; lastKnownFileType = sourcecode.swift; path = ConditionModel.swift; sourceTree = "<group>"; };
		8C1573D12C2B3DCF00152A90 /* NetworkDataLoader.swift */ = {isa = PBXFileReference; lastKnownFileType = sourcecode.swift; path = NetworkDataLoader.swift; sourceTree = "<group>"; };
		8C1573D82C2B6A1400152A90 /* Constants.swift */ = {isa = PBXFileReference; lastKnownFileType = sourcecode.swift; path = Constants.swift; sourceTree = "<group>"; };
		8CD8020F2C2B2BF100F2E383 /* LetsGetWeather.app */ = {isa = PBXFileReference; explicitFileType = wrapper.application; includeInIndex = 0; path = LetsGetWeather.app; sourceTree = BUILT_PRODUCTS_DIR; };
		8CD802122C2B2BF100F2E383 /* AppDelegate.swift */ = {isa = PBXFileReference; lastKnownFileType = sourcecode.swift; path = AppDelegate.swift; sourceTree = "<group>"; };
		8CD802142C2B2BF100F2E383 /* SceneDelegate.swift */ = {isa = PBXFileReference; lastKnownFileType = sourcecode.swift; path = SceneDelegate.swift; sourceTree = "<group>"; };
		8CD802162C2B2BF100F2E383 /* WeatherViewController.swift */ = {isa = PBXFileReference; lastKnownFileType = sourcecode.swift; path = WeatherViewController.swift; sourceTree = "<group>"; };
		8CD8021B2C2B2BF200F2E383 /* Assets.xcassets */ = {isa = PBXFileReference; lastKnownFileType = folder.assetcatalog; path = Assets.xcassets; sourceTree = "<group>"; };
		8CD8021E2C2B2BF200F2E383 /* Base */ = {isa = PBXFileReference; lastKnownFileType = file.storyboard; name = Base; path = Base.lproj/LaunchScreen.storyboard; sourceTree = "<group>"; };
		8CD802202C2B2BF200F2E383 /* Info.plist */ = {isa = PBXFileReference; lastKnownFileType = text.plist.xml; path = Info.plist; sourceTree = "<group>"; };
		8CD802252C2B2BF200F2E383 /* LetsGetWeatherTests.xctest */ = {isa = PBXFileReference; explicitFileType = wrapper.cfbundle; includeInIndex = 0; path = LetsGetWeatherTests.xctest; sourceTree = BUILT_PRODUCTS_DIR; };
		8CD802292C2B2BF200F2E383 /* LetsGetWeatherTests.swift */ = {isa = PBXFileReference; lastKnownFileType = sourcecode.swift; path = LetsGetWeatherTests.swift; sourceTree = "<group>"; };
		8CD8022F2C2B2BF200F2E383 /* LetsGetWeatherUITests.xctest */ = {isa = PBXFileReference; explicitFileType = wrapper.cfbundle; includeInIndex = 0; path = LetsGetWeatherUITests.xctest; sourceTree = BUILT_PRODUCTS_DIR; };
		8CD802332C2B2BF200F2E383 /* LetsGetWeatherUITests.swift */ = {isa = PBXFileReference; lastKnownFileType = sourcecode.swift; path = LetsGetWeatherUITests.swift; sourceTree = "<group>"; };
		8CD802352C2B2BF200F2E383 /* LetsGetWeatherUITestsLaunchTests.swift */ = {isa = PBXFileReference; lastKnownFileType = sourcecode.swift; path = LetsGetWeatherUITestsLaunchTests.swift; sourceTree = "<group>"; };
		D8665D8B8893E07F5729B744 /* Pods-LetsGetWeather.debug.xcconfig */ = {isa = PBXFileReference; includeInIndex = 1; lastKnownFileType = text.xcconfig; name = "Pods-LetsGetWeather.debug.xcconfig"; path = "Target Support Files/Pods-LetsGetWeather/Pods-LetsGetWeather.debug.xcconfig"; sourceTree = "<group>"; };
		E504EB3B1A9C5735AAD7FB4A /* Pods-LetsGetWeatherTests.release.xcconfig */ = {isa = PBXFileReference; includeInIndex = 1; lastKnownFileType = text.xcconfig; name = "Pods-LetsGetWeatherTests.release.xcconfig"; path = "Target Support Files/Pods-LetsGetWeatherTests/Pods-LetsGetWeatherTests.release.xcconfig"; sourceTree = "<group>"; };
		EE5E6D0CB3A80A58A64EDFD3 /* Pods-LetsGetWeather.release.xcconfig */ = {isa = PBXFileReference; includeInIndex = 1; lastKnownFileType = text.xcconfig; name = "Pods-LetsGetWeather.release.xcconfig"; path = "Target Support Files/Pods-LetsGetWeather/Pods-LetsGetWeather.release.xcconfig"; sourceTree = "<group>"; };
		FB6EDBB1C47DD050CC86F214 /* Pods-LetsGetWeather-LetsGetWeatherUITests.debug.xcconfig */ = {isa = PBXFileReference; includeInIndex = 1; lastKnownFileType = text.xcconfig; name = "Pods-LetsGetWeather-LetsGetWeatherUITests.debug.xcconfig"; path = "Target Support Files/Pods-LetsGetWeather-LetsGetWeatherUITests/Pods-LetsGetWeather-LetsGetWeatherUITests.debug.xcconfig"; sourceTree = "<group>"; };
/* End PBXFileReference section */

/* Begin PBXFrameworksBuildPhase section */
		8CD8020C2C2B2BF100F2E383 /* Frameworks */ = {
			isa = PBXFrameworksBuildPhase;
			buildActionMask = 2147483647;
			files = (
				20083AF2A19AC5CB3F86DD22 /* Pods_LetsGetWeather.framework in Frameworks */,
			);
			runOnlyForDeploymentPostprocessing = 0;
		};
		8CD802222C2B2BF200F2E383 /* Frameworks */ = {
			isa = PBXFrameworksBuildPhase;
			buildActionMask = 2147483647;
			files = (
				F383C597207ADEA591192749 /* Pods_LetsGetWeatherTests.framework in Frameworks */,
			);
			runOnlyForDeploymentPostprocessing = 0;
		};
		8CD8022C2C2B2BF200F2E383 /* Frameworks */ = {
			isa = PBXFrameworksBuildPhase;
			buildActionMask = 2147483647;
			files = (
				445F066632B23D593C4680F6 /* Pods_LetsGetWeather_LetsGetWeatherUITests.framework in Frameworks */,
			);
			runOnlyForDeploymentPostprocessing = 0;
		};
/* End PBXFrameworksBuildPhase section */

/* Begin PBXGroup section */
		8C1573BF2C2B30FD00152A90 /* Network */ = {
			isa = PBXGroup;
			children = (
				8C1573D02C2B3DB100152A90 /* Protocols */,
				8C1573C82C2B397C00152A90 /* Networking.swift */,
			);
			path = Network;
			sourceTree = "<group>";
		};
		8C1573C02C2B386200152A90 /* UI */ = {
			isa = PBXGroup;
			children = (
				8CD802162C2B2BF100F2E383 /* WeatherViewController.swift */,
				8CD8021D2C2B2BF200F2E383 /* LaunchScreen.storyboard */,
			);
			path = UI;
			sourceTree = "<group>";
		};
		8C1573C12C2B389600152A90 /* Models */ = {
			isa = PBXGroup;
			children = (
				8C1573C62C2B395200152A90 /* WeatherModel.swift */,
				8C1573CA2C2B39F200152A90 /* LocationModel.swift */,
				8C1573CC2C2B3A0900152A90 /* CurrentModel.swift */,
				8C1573CE2C2B3B3400152A90 /* ConditionModel.swift */,
			);
			path = Models;
			sourceTree = "<group>";
		};
		8C1573C22C2B38BB00152A90 /* ViewModel */ = {
			isa = PBXGroup;
			children = (
				8C1573C42C2B393F00152A90 /* WeatherViewModel.swift */,
			);
			path = ViewModel;
			sourceTree = "<group>";
		};
		8C1573D02C2B3DB100152A90 /* Protocols */ = {
			isa = PBXGroup;
			children = (
				8C1573D12C2B3DCF00152A90 /* NetworkDataLoader.swift */,
			);
			path = Protocols;
			sourceTree = "<group>";
		};
		8C1573D32C2B3E4500152A90 /* Resources */ = {
			isa = PBXGroup;
			children = (
				8CD8021B2C2B2BF200F2E383 /* Assets.xcassets */,
				8C1573D82C2B6A1400152A90 /* Constants.swift */,
			);
			path = Resources;
			sourceTree = "<group>";
		};
		8CD802062C2B2BF100F2E383 = {
			isa = PBXGroup;
			children = (
				8CD802112C2B2BF100F2E383 /* LetsGetWeather */,
				8CD802282C2B2BF200F2E383 /* LetsGetWeatherTests */,
				8CD802322C2B2BF200F2E383 /* LetsGetWeatherUITests */,
				8CD802102C2B2BF100F2E383 /* Products */,
				B310E322ADE449F3E785F612 /* Pods */,
				D93B72CD2EB22FD02B40AD14 /* Frameworks */,
			);
			sourceTree = "<group>";
		};
		8CD802102C2B2BF100F2E383 /* Products */ = {
			isa = PBXGroup;
			children = (
				8CD8020F2C2B2BF100F2E383 /* LetsGetWeather.app */,
				8CD802252C2B2BF200F2E383 /* LetsGetWeatherTests.xctest */,
				8CD8022F2C2B2BF200F2E383 /* LetsGetWeatherUITests.xctest */,
			);
			name = Products;
			sourceTree = "<group>";
		};
		8CD802112C2B2BF100F2E383 /* LetsGetWeather */ = {
			isa = PBXGroup;
			children = (
				8C1573D32C2B3E4500152A90 /* Resources */,
				8C1573BF2C2B30FD00152A90 /* Network */,
				8C1573C12C2B389600152A90 /* Models */,
				8C1573C22C2B38BB00152A90 /* ViewModel */,
				8C1573C02C2B386200152A90 /* UI */,
				8CD802122C2B2BF100F2E383 /* AppDelegate.swift */,
				8CD802142C2B2BF100F2E383 /* SceneDelegate.swift */,
				8CD802202C2B2BF200F2E383 /* Info.plist */,
			);
			path = LetsGetWeather;
			sourceTree = "<group>";
		};
		8CD802282C2B2BF200F2E383 /* LetsGetWeatherTests */ = {
			isa = PBXGroup;
			children = (
				8CD802292C2B2BF200F2E383 /* LetsGetWeatherTests.swift */,
			);
			path = LetsGetWeatherTests;
			sourceTree = "<group>";
		};
		8CD802322C2B2BF200F2E383 /* LetsGetWeatherUITests */ = {
			isa = PBXGroup;
			children = (
				8CD802332C2B2BF200F2E383 /* LetsGetWeatherUITests.swift */,
				8CD802352C2B2BF200F2E383 /* LetsGetWeatherUITestsLaunchTests.swift */,
			);
			path = LetsGetWeatherUITests;
			sourceTree = "<group>";
		};
		B310E322ADE449F3E785F612 /* Pods */ = {
			isa = PBXGroup;
			children = (
				D8665D8B8893E07F5729B744 /* Pods-LetsGetWeather.debug.xcconfig */,
				EE5E6D0CB3A80A58A64EDFD3 /* Pods-LetsGetWeather.release.xcconfig */,
				FB6EDBB1C47DD050CC86F214 /* Pods-LetsGetWeather-LetsGetWeatherUITests.debug.xcconfig */,
				175B5B129A9D523E453C8FFE /* Pods-LetsGetWeather-LetsGetWeatherUITests.release.xcconfig */,
				795774BD494236AD4A1CD1C1 /* Pods-LetsGetWeatherTests.debug.xcconfig */,
				E504EB3B1A9C5735AAD7FB4A /* Pods-LetsGetWeatherTests.release.xcconfig */,
			);
			name = Pods;
			path = Pods;
			sourceTree = "<group>";
		};
		D93B72CD2EB22FD02B40AD14 /* Frameworks */ = {
			isa = PBXGroup;
			children = (
				7FFA96E85F255AADC1AB6846 /* Pods_LetsGetWeather.framework */,
				49A298B78FF47180A0980E7F /* Pods_LetsGetWeather_LetsGetWeatherUITests.framework */,
				371A2A3B2241AC2E35EF85D6 /* Pods_LetsGetWeatherTests.framework */,
			);
			name = Frameworks;
			sourceTree = "<group>";
		};
/* End PBXGroup section */

/* Begin PBXNativeTarget section */
		8CD8020E2C2B2BF100F2E383 /* LetsGetWeather */ = {
			isa = PBXNativeTarget;
			buildConfigurationList = 8CD802392C2B2BF200F2E383 /* Build configuration list for PBXNativeTarget "LetsGetWeather" */;
			buildPhases = (
				4068521C734E9E8778195AC4 /* [CP] Check Pods Manifest.lock */,
				8CD8020B2C2B2BF100F2E383 /* Sources */,
				8CD8020C2C2B2BF100F2E383 /* Frameworks */,
				8CD8020D2C2B2BF100F2E383 /* Resources */,
				190DF78F1676DE023F3207AC /* [CP] Copy Pods Resources */,
			);
			buildRules = (
			);
			dependencies = (
			);
			name = LetsGetWeather;
			productName = LetsGetWeather;
			productReference = 8CD8020F2C2B2BF100F2E383 /* LetsGetWeather.app */;
			productType = "com.apple.product-type.application";
		};
		8CD802242C2B2BF200F2E383 /* LetsGetWeatherTests */ = {
			isa = PBXNativeTarget;
			buildConfigurationList = 8CD8023C2C2B2BF200F2E383 /* Build configuration list for PBXNativeTarget "LetsGetWeatherTests" */;
			buildPhases = (
				9AEF6DFBFA51F9DEE04185EB /* [CP] Check Pods Manifest.lock */,
				8CD802212C2B2BF200F2E383 /* Sources */,
				8CD802222C2B2BF200F2E383 /* Frameworks */,
				8CD802232C2B2BF200F2E383 /* Resources */,
			);
			buildRules = (
			);
			dependencies = (
				8CD802272C2B2BF200F2E383 /* PBXTargetDependency */,
			);
			name = LetsGetWeatherTests;
			productName = LetsGetWeatherTests;
			productReference = 8CD802252C2B2BF200F2E383 /* LetsGetWeatherTests.xctest */;
			productType = "com.apple.product-type.bundle.unit-test";
		};
		8CD8022E2C2B2BF200F2E383 /* LetsGetWeatherUITests */ = {
			isa = PBXNativeTarget;
			buildConfigurationList = 8CD8023F2C2B2BF200F2E383 /* Build configuration list for PBXNativeTarget "LetsGetWeatherUITests" */;
			buildPhases = (
				4A6BA8E795F243E64056D600 /* [CP] Check Pods Manifest.lock */,
				8CD8022B2C2B2BF200F2E383 /* Sources */,
				8CD8022C2C2B2BF200F2E383 /* Frameworks */,
				8CD8022D2C2B2BF200F2E383 /* Resources */,
				C1622C31DBA7AA7EB00930B5 /* [CP] Copy Pods Resources */,
			);
			buildRules = (
			);
			dependencies = (
				8CD802312C2B2BF200F2E383 /* PBXTargetDependency */,
			);
			name = LetsGetWeatherUITests;
			productName = LetsGetWeatherUITests;
			productReference = 8CD8022F2C2B2BF200F2E383 /* LetsGetWeatherUITests.xctest */;
			productType = "com.apple.product-type.bundle.ui-testing";
		};
/* End PBXNativeTarget section */

/* Begin PBXProject section */
		8CD802072C2B2BF100F2E383 /* Project object */ = {
			isa = PBXProject;
			attributes = {
				BuildIndependentTargetsInParallel = 1;
				LastSwiftUpdateCheck = 1540;
				LastUpgradeCheck = 1540;
				TargetAttributes = {
					8CD8020E2C2B2BF100F2E383 = {
						CreatedOnToolsVersion = 15.4;
					};
					8CD802242C2B2BF200F2E383 = {
						CreatedOnToolsVersion = 15.4;
						TestTargetID = 8CD8020E2C2B2BF100F2E383;
					};
					8CD8022E2C2B2BF200F2E383 = {
						CreatedOnToolsVersion = 15.4;
						TestTargetID = 8CD8020E2C2B2BF100F2E383;
					};
				};
			};
			buildConfigurationList = 8CD8020A2C2B2BF100F2E383 /* Build configuration list for PBXProject "LetsGetWeather" */;
			compatibilityVersion = "Xcode 14.0";
			developmentRegion = en;
			hasScannedForEncodings = 0;
			knownRegions = (
				en,
				Base,
			);
			mainGroup = 8CD802062C2B2BF100F2E383;
			productRefGroup = 8CD802102C2B2BF100F2E383 /* Products */;
			projectDirPath = "";
			projectRoot = "";
			targets = (
				8CD8020E2C2B2BF100F2E383 /* LetsGetWeather */,
				8CD802242C2B2BF200F2E383 /* LetsGetWeatherTests */,
				8CD8022E2C2B2BF200F2E383 /* LetsGetWeatherUITests */,
			);
		};
/* End PBXProject section */

/* Begin PBXResourcesBuildPhase section */
		8CD8020D2C2B2BF100F2E383 /* Resources */ = {
			isa = PBXResourcesBuildPhase;
			buildActionMask = 2147483647;
			files = (
				8CD8021C2C2B2BF200F2E383 /* Assets.xcassets in Resources */,
				8CD8021F2C2B2BF200F2E383 /* Base in Resources */,
			);
			runOnlyForDeploymentPostprocessing = 0;
		};
		8CD802232C2B2BF200F2E383 /* Resources */ = {
			isa = PBXResourcesBuildPhase;
			buildActionMask = 2147483647;
			files = (
			);
			runOnlyForDeploymentPostprocessing = 0;
		};
		8CD8022D2C2B2BF200F2E383 /* Resources */ = {
			isa = PBXResourcesBuildPhase;
			buildActionMask = 2147483647;
			files = (
			);
			runOnlyForDeploymentPostprocessing = 0;
		};
/* End PBXResourcesBuildPhase section */

/* Begin PBXShellScriptBuildPhase section */
		190DF78F1676DE023F3207AC /* [CP] Copy Pods Resources */ = {
			isa = PBXShellScriptBuildPhase;
			buildActionMask = 2147483647;
			files = (
			);
			inputFileListPaths = (
				"${PODS_ROOT}/Target Support Files/Pods-LetsGetWeather/Pods-LetsGetWeather-resources-${CONFIGURATION}-input-files.xcfilelist",
			);
			name = "[CP] Copy Pods Resources";
			outputFileListPaths = (
				"${PODS_ROOT}/Target Support Files/Pods-LetsGetWeather/Pods-LetsGetWeather-resources-${CONFIGURATION}-output-files.xcfilelist",
			);
			runOnlyForDeploymentPostprocessing = 0;
			shellPath = /bin/sh;
			shellScript = "\"${PODS_ROOT}/Target Support Files/Pods-LetsGetWeather/Pods-LetsGetWeather-resources.sh\"\n";
			showEnvVarsInLog = 0;
		};
		4068521C734E9E8778195AC4 /* [CP] Check Pods Manifest.lock */ = {
			isa = PBXShellScriptBuildPhase;
			buildActionMask = 2147483647;
			files = (
			);
			inputFileListPaths = (
			);
			inputPaths = (
				"${PODS_PODFILE_DIR_PATH}/Podfile.lock",
				"${PODS_ROOT}/Manifest.lock",
			);
			name = "[CP] Check Pods Manifest.lock";
			outputFileListPaths = (
			);
			outputPaths = (
				"$(DERIVED_FILE_DIR)/Pods-LetsGetWeather-checkManifestLockResult.txt",
			);
			runOnlyForDeploymentPostprocessing = 0;
			shellPath = /bin/sh;
			shellScript = "diff \"${PODS_PODFILE_DIR_PATH}/Podfile.lock\" \"${PODS_ROOT}/Manifest.lock\" > /dev/null\nif [ $? != 0 ] ; then\n    # print error to STDERR\n    echo \"error: The sandbox is not in sync with the Podfile.lock. Run 'pod install' or update your CocoaPods installation.\" >&2\n    exit 1\nfi\n# This output is used by Xcode 'outputs' to avoid re-running this script phase.\necho \"SUCCESS\" > \"${SCRIPT_OUTPUT_FILE_0}\"\n";
			showEnvVarsInLog = 0;
		};
		4A6BA8E795F243E64056D600 /* [CP] Check Pods Manifest.lock */ = {
			isa = PBXShellScriptBuildPhase;
			buildActionMask = 2147483647;
			files = (
			);
			inputFileListPaths = (
			);
			inputPaths = (
				"${PODS_PODFILE_DIR_PATH}/Podfile.lock",
				"${PODS_ROOT}/Manifest.lock",
			);
			name = "[CP] Check Pods Manifest.lock";
			outputFileListPaths = (
			);
			outputPaths = (
				"$(DERIVED_FILE_DIR)/Pods-LetsGetWeather-LetsGetWeatherUITests-checkManifestLockResult.txt",
			);
			runOnlyForDeploymentPostprocessing = 0;
			shellPath = /bin/sh;
			shellScript = "diff \"${PODS_PODFILE_DIR_PATH}/Podfile.lock\" \"${PODS_ROOT}/Manifest.lock\" > /dev/null\nif [ $? != 0 ] ; then\n    # print error to STDERR\n    echo \"error: The sandbox is not in sync with the Podfile.lock. Run 'pod install' or update your CocoaPods installation.\" >&2\n    exit 1\nfi\n# This output is used by Xcode 'outputs' to avoid re-running this script phase.\necho \"SUCCESS\" > \"${SCRIPT_OUTPUT_FILE_0}\"\n";
			showEnvVarsInLog = 0;
		};
		9AEF6DFBFA51F9DEE04185EB /* [CP] Check Pods Manifest.lock */ = {
			isa = PBXShellScriptBuildPhase;
			buildActionMask = 2147483647;
			files = (
			);
			inputFileListPaths = (
			);
			inputPaths = (
				"${PODS_PODFILE_DIR_PATH}/Podfile.lock",
				"${PODS_ROOT}/Manifest.lock",
			);
			name = "[CP] Check Pods Manifest.lock";
			outputFileListPaths = (
			);
			outputPaths = (
				"$(DERIVED_FILE_DIR)/Pods-LetsGetWeatherTests-checkManifestLockResult.txt",
			);
			runOnlyForDeploymentPostprocessing = 0;
			shellPath = /bin/sh;
			shellScript = "diff \"${PODS_PODFILE_DIR_PATH}/Podfile.lock\" \"${PODS_ROOT}/Manifest.lock\" > /dev/null\nif [ $? != 0 ] ; then\n    # print error to STDERR\n    echo \"error: The sandbox is not in sync with the Podfile.lock. Run 'pod install' or update your CocoaPods installation.\" >&2\n    exit 1\nfi\n# This output is used by Xcode 'outputs' to avoid re-running this script phase.\necho \"SUCCESS\" > \"${SCRIPT_OUTPUT_FILE_0}\"\n";
			showEnvVarsInLog = 0;
		};
		C1622C31DBA7AA7EB00930B5 /* [CP] Copy Pods Resources */ = {
			isa = PBXShellScriptBuildPhase;
			buildActionMask = 2147483647;
			files = (
			);
			inputFileListPaths = (
				"${PODS_ROOT}/Target Support Files/Pods-LetsGetWeather-LetsGetWeatherUITests/Pods-LetsGetWeather-LetsGetWeatherUITests-resources-${CONFIGURATION}-input-files.xcfilelist",
			);
			name = "[CP] Copy Pods Resources";
			outputFileListPaths = (
				"${PODS_ROOT}/Target Support Files/Pods-LetsGetWeather-LetsGetWeatherUITests/Pods-LetsGetWeather-LetsGetWeatherUITests-resources-${CONFIGURATION}-output-files.xcfilelist",
			);
			runOnlyForDeploymentPostprocessing = 0;
			shellPath = /bin/sh;
			shellScript = "\"${PODS_ROOT}/Target Support Files/Pods-LetsGetWeather-LetsGetWeatherUITests/Pods-LetsGetWeather-LetsGetWeatherUITests-resources.sh\"\n";
			showEnvVarsInLog = 0;
		};
/* End PBXShellScriptBuildPhase section */

/* Begin PBXSourcesBuildPhase section */
		8CD8020B2C2B2BF100F2E383 /* Sources */ = {
			isa = PBXSourcesBuildPhase;
			buildActionMask = 2147483647;
			files = (
				8CD802172C2B2BF100F2E383 /* WeatherViewController.swift in Sources */,
				8C1573D92C2B6A1400152A90 /* Constants.swift in Sources */,
				8C1573CD2C2B3A0900152A90 /* CurrentModel.swift in Sources */,
				8C1573C52C2B393F00152A90 /* WeatherViewModel.swift in Sources */,
				8CD802132C2B2BF100F2E383 /* AppDelegate.swift in Sources */,
				8C1573C92C2B397C00152A90 /* Networking.swift in Sources */,
				8C1573D22C2B3DCF00152A90 /* NetworkDataLoader.swift in Sources */,
				8CD802152C2B2BF100F2E383 /* SceneDelegate.swift in Sources */,
				8C1573CF2C2B3B3400152A90 /* ConditionModel.swift in Sources */,
				8C1573CB2C2B39F200152A90 /* LocationModel.swift in Sources */,
				8C1573C72C2B395200152A90 /* WeatherModel.swift in Sources */,
			);
			runOnlyForDeploymentPostprocessing = 0;
		};
		8CD802212C2B2BF200F2E383 /* Sources */ = {
			isa = PBXSourcesBuildPhase;
			buildActionMask = 2147483647;
			files = (
				8CD8022A2C2B2BF200F2E383 /* LetsGetWeatherTests.swift in Sources */,
			);
			runOnlyForDeploymentPostprocessing = 0;
		};
		8CD8022B2C2B2BF200F2E383 /* Sources */ = {
			isa = PBXSourcesBuildPhase;
			buildActionMask = 2147483647;
			files = (
				8CD802362C2B2BF200F2E383 /* LetsGetWeatherUITestsLaunchTests.swift in Sources */,
				8CD802342C2B2BF200F2E383 /* LetsGetWeatherUITests.swift in Sources */,
			);
			runOnlyForDeploymentPostprocessing = 0;
		};
/* End PBXSourcesBuildPhase section */

/* Begin PBXTargetDependency section */
		8CD802272C2B2BF200F2E383 /* PBXTargetDependency */ = {
			isa = PBXTargetDependency;
			target = 8CD8020E2C2B2BF100F2E383 /* LetsGetWeather */;
			targetProxy = 8CD802262C2B2BF200F2E383 /* PBXContainerItemProxy */;
		};
		8CD802312C2B2BF200F2E383 /* PBXTargetDependency */ = {
			isa = PBXTargetDependency;
			target = 8CD8020E2C2B2BF100F2E383 /* LetsGetWeather */;
			targetProxy = 8CD802302C2B2BF200F2E383 /* PBXContainerItemProxy */;
		};
/* End PBXTargetDependency section */

/* Begin PBXVariantGroup section */
		8CD8021D2C2B2BF200F2E383 /* LaunchScreen.storyboard */ = {
			isa = PBXVariantGroup;
			children = (
				8CD8021E2C2B2BF200F2E383 /* Base */,
			);
			name = LaunchScreen.storyboard;
			sourceTree = "<group>";
		};
/* End PBXVariantGroup section */

/* Begin XCBuildConfiguration section */
		8CD802372C2B2BF200F2E383 /* Debug */ = {
			isa = XCBuildConfiguration;
			buildSettings = {
				ALWAYS_SEARCH_USER_PATHS = NO;
				ASSETCATALOG_COMPILER_GENERATE_SWIFT_ASSET_SYMBOL_EXTENSIONS = YES;
				CLANG_ANALYZER_NONNULL = YES;
				CLANG_ANALYZER_NUMBER_OBJECT_CONVERSION = YES_AGGRESSIVE;
				CLANG_CXX_LANGUAGE_STANDARD = "gnu++20";
				CLANG_ENABLE_MODULES = YES;
				CLANG_ENABLE_OBJC_ARC = YES;
				CLANG_ENABLE_OBJC_WEAK = YES;
				CLANG_WARN_BLOCK_CAPTURE_AUTORELEASING = YES;
				CLANG_WARN_BOOL_CONVERSION = YES;
				CLANG_WARN_COMMA = YES;
				CLANG_WARN_CONSTANT_CONVERSION = YES;
				CLANG_WARN_DEPRECATED_OBJC_IMPLEMENTATIONS = YES;
				CLANG_WARN_DIRECT_OBJC_ISA_USAGE = YES_ERROR;
				CLANG_WARN_DOCUMENTATION_COMMENTS = YES;
				CLANG_WARN_EMPTY_BODY = YES;
				CLANG_WARN_ENUM_CONVERSION = YES;
				CLANG_WARN_INFINITE_RECURSION = YES;
				CLANG_WARN_INT_CONVERSION = YES;
				CLANG_WARN_NON_LITERAL_NULL_CONVERSION = YES;
				CLANG_WARN_OBJC_IMPLICIT_RETAIN_SELF = YES;
				CLANG_WARN_OBJC_LITERAL_CONVERSION = YES;
				CLANG_WARN_OBJC_ROOT_CLASS = YES_ERROR;
				CLANG_WARN_QUOTED_INCLUDE_IN_FRAMEWORK_HEADER = YES;
				CLANG_WARN_RANGE_LOOP_ANALYSIS = YES;
				CLANG_WARN_STRICT_PROTOTYPES = YES;
				CLANG_WARN_SUSPICIOUS_MOVE = YES;
				CLANG_WARN_UNGUARDED_AVAILABILITY = YES_AGGRESSIVE;
				CLANG_WARN_UNREACHABLE_CODE = YES;
				CLANG_WARN__DUPLICATE_METHOD_MATCH = YES;
				COPY_PHASE_STRIP = NO;
				DEBUG_INFORMATION_FORMAT = dwarf;
				ENABLE_STRICT_OBJC_MSGSEND = YES;
				ENABLE_TESTABILITY = YES;
				ENABLE_USER_SCRIPT_SANDBOXING = YES;
				GCC_C_LANGUAGE_STANDARD = gnu17;
				GCC_DYNAMIC_NO_PIC = NO;
				GCC_NO_COMMON_BLOCKS = YES;
				GCC_OPTIMIZATION_LEVEL = 0;
				GCC_PREPROCESSOR_DEFINITIONS = (
					"DEBUG=1",
					"$(inherited)",
				);
				GCC_WARN_64_TO_32_BIT_CONVERSION = YES;
				GCC_WARN_ABOUT_RETURN_TYPE = YES_ERROR;
				GCC_WARN_UNDECLARED_SELECTOR = YES;
				GCC_WARN_UNINITIALIZED_AUTOS = YES_AGGRESSIVE;
				GCC_WARN_UNUSED_FUNCTION = YES;
				GCC_WARN_UNUSED_VARIABLE = YES;
				IPHONEOS_DEPLOYMENT_TARGET = 17.5;
				LOCALIZATION_PREFERS_STRING_CATALOGS = YES;
				MTL_ENABLE_DEBUG_INFO = INCLUDE_SOURCE;
				MTL_FAST_MATH = YES;
				ONLY_ACTIVE_ARCH = YES;
				SDKROOT = iphoneos;
				SWIFT_ACTIVE_COMPILATION_CONDITIONS = "DEBUG $(inherited)";
				SWIFT_OPTIMIZATION_LEVEL = "-Onone";
			};
			name = Debug;
		};
		8CD802382C2B2BF200F2E383 /* Release */ = {
			isa = XCBuildConfiguration;
			buildSettings = {
				ALWAYS_SEARCH_USER_PATHS = NO;
				ASSETCATALOG_COMPILER_GENERATE_SWIFT_ASSET_SYMBOL_EXTENSIONS = YES;
				CLANG_ANALYZER_NONNULL = YES;
				CLANG_ANALYZER_NUMBER_OBJECT_CONVERSION = YES_AGGRESSIVE;
				CLANG_CXX_LANGUAGE_STANDARD = "gnu++20";
				CLANG_ENABLE_MODULES = YES;
				CLANG_ENABLE_OBJC_ARC = YES;
				CLANG_ENABLE_OBJC_WEAK = YES;
				CLANG_WARN_BLOCK_CAPTURE_AUTORELEASING = YES;
				CLANG_WARN_BOOL_CONVERSION = YES;
				CLANG_WARN_COMMA = YES;
				CLANG_WARN_CONSTANT_CONVERSION = YES;
				CLANG_WARN_DEPRECATED_OBJC_IMPLEMENTATIONS = YES;
				CLANG_WARN_DIRECT_OBJC_ISA_USAGE = YES_ERROR;
				CLANG_WARN_DOCUMENTATION_COMMENTS = YES;
				CLANG_WARN_EMPTY_BODY = YES;
				CLANG_WARN_ENUM_CONVERSION = YES;
				CLANG_WARN_INFINITE_RECURSION = YES;
				CLANG_WARN_INT_CONVERSION = YES;
				CLANG_WARN_NON_LITERAL_NULL_CONVERSION = YES;
				CLANG_WARN_OBJC_IMPLICIT_RETAIN_SELF = YES;
				CLANG_WARN_OBJC_LITERAL_CONVERSION = YES;
				CLANG_WARN_OBJC_ROOT_CLASS = YES_ERROR;
				CLANG_WARN_QUOTED_INCLUDE_IN_FRAMEWORK_HEADER = YES;
				CLANG_WARN_RANGE_LOOP_ANALYSIS = YES;
				CLANG_WARN_STRICT_PROTOTYPES = YES;
				CLANG_WARN_SUSPICIOUS_MOVE = YES;
				CLANG_WARN_UNGUARDED_AVAILABILITY = YES_AGGRESSIVE;
				CLANG_WARN_UNREACHABLE_CODE = YES;
				CLANG_WARN__DUPLICATE_METHOD_MATCH = YES;
				COPY_PHASE_STRIP = NO;
				DEBUG_INFORMATION_FORMAT = "dwarf-with-dsym";
				ENABLE_NS_ASSERTIONS = NO;
				ENABLE_STRICT_OBJC_MSGSEND = YES;
				ENABLE_USER_SCRIPT_SANDBOXING = YES;
				GCC_C_LANGUAGE_STANDARD = gnu17;
				GCC_NO_COMMON_BLOCKS = YES;
				GCC_WARN_64_TO_32_BIT_CONVERSION = YES;
				GCC_WARN_ABOUT_RETURN_TYPE = YES_ERROR;
				GCC_WARN_UNDECLARED_SELECTOR = YES;
				GCC_WARN_UNINITIALIZED_AUTOS = YES_AGGRESSIVE;
				GCC_WARN_UNUSED_FUNCTION = YES;
				GCC_WARN_UNUSED_VARIABLE = YES;
				IPHONEOS_DEPLOYMENT_TARGET = 17.5;
				LOCALIZATION_PREFERS_STRING_CATALOGS = YES;
				MTL_ENABLE_DEBUG_INFO = NO;
				MTL_FAST_MATH = YES;
				SDKROOT = iphoneos;
				SWIFT_COMPILATION_MODE = wholemodule;
				VALIDATE_PRODUCT = YES;
			};
			name = Release;
		};
		8CD8023A2C2B2BF200F2E383 /* Debug */ = {
			isa = XCBuildConfiguration;
			baseConfigurationReference = D8665D8B8893E07F5729B744 /* Pods-LetsGetWeather.debug.xcconfig */;
			buildSettings = {
				ASSETCATALOG_COMPILER_APPICON_NAME = AppIcon;
				ASSETCATALOG_COMPILER_GLOBAL_ACCENT_COLOR_NAME = AccentColor;
				CODE_SIGN_STYLE = Automatic;
				CURRENT_PROJECT_VERSION = 1;
				DEVELOPMENT_TEAM = 62QSFUN7S7;
				GENERATE_INFOPLIST_FILE = YES;
				INFOPLIST_FILE = LetsGetWeather/Info.plist;
				INFOPLIST_KEY_UIApplicationSupportsIndirectInputEvents = YES;
				INFOPLIST_KEY_UILaunchStoryboardName = LaunchScreen;
				INFOPLIST_KEY_UIMainStoryboardFile = "";
				INFOPLIST_KEY_UISupportedInterfaceOrientations = UIInterfaceOrientationPortrait;
				INFOPLIST_KEY_UISupportedInterfaceOrientations_iPad = "UIInterfaceOrientationPortrait UIInterfaceOrientationPortraitUpsideDown";
				IPHONEOS_DEPLOYMENT_TARGET = 15.0;
				LD_RUNPATH_SEARCH_PATHS = (
					"$(inherited)",
					"@executable_path/Frameworks",
				);
				MARKETING_VERSION = 1.0;
				PRODUCT_BUNDLE_IDENTIFIER = com.dyaremyshyn.LetsGetWeather;
				PRODUCT_NAME = "$(TARGET_NAME)";
				SWIFT_EMIT_LOC_STRINGS = YES;
				SWIFT_VERSION = 5.0;
				TARGETED_DEVICE_FAMILY = "1,2";
			};
			name = Debug;
		};
		8CD8023B2C2B2BF200F2E383 /* Release */ = {
			isa = XCBuildConfiguration;
			baseConfigurationReference = EE5E6D0CB3A80A58A64EDFD3 /* Pods-LetsGetWeather.release.xcconfig */;
			buildSettings = {
				ASSETCATALOG_COMPILER_APPICON_NAME = AppIcon;
				ASSETCATALOG_COMPILER_GLOBAL_ACCENT_COLOR_NAME = AccentColor;
				CODE_SIGN_STYLE = Automatic;
				CURRENT_PROJECT_VERSION = 1;
				DEVELOPMENT_TEAM = 62QSFUN7S7;
				GENERATE_INFOPLIST_FILE = YES;
				INFOPLIST_FILE = LetsGetWeather/Info.plist;
				INFOPLIST_KEY_UIApplicationSupportsIndirectInputEvents = YES;
				INFOPLIST_KEY_UILaunchStoryboardName = LaunchScreen;
				INFOPLIST_KEY_UIMainStoryboardFile = "";
				INFOPLIST_KEY_UISupportedInterfaceOrientations = UIInterfaceOrientationPortrait;
				INFOPLIST_KEY_UISupportedInterfaceOrientations_iPad = "UIInterfaceOrientationPortrait UIInterfaceOrientationPortraitUpsideDown";
				IPHONEOS_DEPLOYMENT_TARGET = 15.0;
				LD_RUNPATH_SEARCH_PATHS = (
					"$(inherited)",
					"@executable_path/Frameworks",
				);
				MARKETING_VERSION = 1.0;
				PRODUCT_BUNDLE_IDENTIFIER = com.dyaremyshyn.LetsGetWeather;
				PRODUCT_NAME = "$(TARGET_NAME)";
				SWIFT_EMIT_LOC_STRINGS = YES;
				SWIFT_VERSION = 5.0;
				TARGETED_DEVICE_FAMILY = "1,2";
			};
			name = Release;
		};
		8CD8023D2C2B2BF200F2E383 /* Debug */ = {
			isa = XCBuildConfiguration;
			baseConfigurationReference = 795774BD494236AD4A1CD1C1 /* Pods-LetsGetWeatherTests.debug.xcconfig */;
			buildSettings = {
				ALWAYS_EMBED_SWIFT_STANDARD_LIBRARIES = YES;
				BUNDLE_LOADER = "$(TEST_HOST)";
				CODE_SIGN_STYLE = Automatic;
				CURRENT_PROJECT_VERSION = 1;
				DEVELOPMENT_TEAM = 62QSFUN7S7;
				GENERATE_INFOPLIST_FILE = YES;
				IPHONEOS_DEPLOYMENT_TARGET = 17.5;
				MARKETING_VERSION = 1.0;
				PRODUCT_BUNDLE_IDENTIFIER = com.dyaremyshyn.LetsGetWeatherTests;
				PRODUCT_NAME = "$(TARGET_NAME)";
				SWIFT_EMIT_LOC_STRINGS = NO;
				SWIFT_VERSION = 5.0;
				TARGETED_DEVICE_FAMILY = "1,2";
				TEST_HOST = "$(BUILT_PRODUCTS_DIR)/LetsGetWeather.app/$(BUNDLE_EXECUTABLE_FOLDER_PATH)/LetsGetWeather";
			};
			name = Debug;
		};
		8CD8023E2C2B2BF200F2E383 /* Release */ = {
			isa = XCBuildConfiguration;
			baseConfigurationReference = E504EB3B1A9C5735AAD7FB4A /* Pods-LetsGetWeatherTests.release.xcconfig */;
			buildSettings = {
				ALWAYS_EMBED_SWIFT_STANDARD_LIBRARIES = YES;
				BUNDLE_LOADER = "$(TEST_HOST)";
				CODE_SIGN_STYLE = Automatic;
				CURRENT_PROJECT_VERSION = 1;
				DEVELOPMENT_TEAM = 62QSFUN7S7;
				GENERATE_INFOPLIST_FILE = YES;
				IPHONEOS_DEPLOYMENT_TARGET = 17.5;
				MARKETING_VERSION = 1.0;
				PRODUCT_BUNDLE_IDENTIFIER = com.dyaremyshyn.LetsGetWeatherTests;
				PRODUCT_NAME = "$(TARGET_NAME)";
				SWIFT_EMIT_LOC_STRINGS = NO;
				SWIFT_VERSION = 5.0;
				TARGETED_DEVICE_FAMILY = "1,2";
				TEST_HOST = "$(BUILT_PRODUCTS_DIR)/LetsGetWeather.app/$(BUNDLE_EXECUTABLE_FOLDER_PATH)/LetsGetWeather";
			};
			name = Release;
		};
		8CD802402C2B2BF200F2E383 /* Debug */ = {
			isa = XCBuildConfiguration;
			baseConfigurationReference = FB6EDBB1C47DD050CC86F214 /* Pods-LetsGetWeather-LetsGetWeatherUITests.debug.xcconfig */;
			buildSettings = {
				ALWAYS_EMBED_SWIFT_STANDARD_LIBRARIES = YES;
				CODE_SIGN_STYLE = Automatic;
				CURRENT_PROJECT_VERSION = 1;
				DEVELOPMENT_TEAM = 62QSFUN7S7;
				GENERATE_INFOPLIST_FILE = YES;
				MARKETING_VERSION = 1.0;
				PRODUCT_BUNDLE_IDENTIFIER = com.dyaremyshyn.LetsGetWeatherUITests;
				PRODUCT_NAME = "$(TARGET_NAME)";
				SWIFT_EMIT_LOC_STRINGS = NO;
				SWIFT_VERSION = 5.0;
				TARGETED_DEVICE_FAMILY = "1,2";
				TEST_TARGET_NAME = LetsGetWeather;
			};
			name = Debug;
		};
		8CD802412C2B2BF200F2E383 /* Release */ = {
			isa = XCBuildConfiguration;
			baseConfigurationReference = 175B5B129A9D523E453C8FFE /* Pods-LetsGetWeather-LetsGetWeatherUITests.release.xcconfig */;
			buildSettings = {
				ALWAYS_EMBED_SWIFT_STANDARD_LIBRARIES = YES;
				CODE_SIGN_STYLE = Automatic;
				CURRENT_PROJECT_VERSION = 1;
				DEVELOPMENT_TEAM = 62QSFUN7S7;
				GENERATE_INFOPLIST_FILE = YES;
				MARKETING_VERSION = 1.0;
				PRODUCT_BUNDLE_IDENTIFIER = com.dyaremyshyn.LetsGetWeatherUITests;
				PRODUCT_NAME = "$(TARGET_NAME)";
				SWIFT_EMIT_LOC_STRINGS = NO;
				SWIFT_VERSION = 5.0;
				TARGETED_DEVICE_FAMILY = "1,2";
				TEST_TARGET_NAME = LetsGetWeather;
			};
			name = Release;
		};
/* End XCBuildConfiguration section */

/* Begin XCConfigurationList section */
		8CD8020A2C2B2BF100F2E383 /* Build configuration list for PBXProject "LetsGetWeather" */ = {
			isa = XCConfigurationList;
			buildConfigurations = (
				8CD802372C2B2BF200F2E383 /* Debug */,
				8CD802382C2B2BF200F2E383 /* Release */,
			);
			defaultConfigurationIsVisible = 0;
			defaultConfigurationName = Release;
		};
		8CD802392C2B2BF200F2E383 /* Build configuration list for PBXNativeTarget "LetsGetWeather" */ = {
			isa = XCConfigurationList;
			buildConfigurations = (
				8CD8023A2C2B2BF200F2E383 /* Debug */,
				8CD8023B2C2B2BF200F2E383 /* Release */,
			);
			defaultConfigurationIsVisible = 0;
			defaultConfigurationName = Release;
		};
		8CD8023C2C2B2BF200F2E383 /* Build configuration list for PBXNativeTarget "LetsGetWeatherTests" */ = {
			isa = XCConfigurationList;
			buildConfigurations = (
				8CD8023D2C2B2BF200F2E383 /* Debug */,
				8CD8023E2C2B2BF200F2E383 /* Release */,
			);
			defaultConfigurationIsVisible = 0;
			defaultConfigurationName = Release;
		};
		8CD8023F2C2B2BF200F2E383 /* Build configuration list for PBXNativeTarget "LetsGetWeatherUITests" */ = {
			isa = XCConfigurationList;
			buildConfigurations = (
				8CD802402C2B2BF200F2E383 /* Debug */,
				8CD802412C2B2BF200F2E383 /* Release */,
			);
			defaultConfigurationIsVisible = 0;
			defaultConfigurationName = Release;
		};
/* End XCConfigurationList section */
	};
	rootObject = 8CD802072C2B2BF100F2E383 /* Project object */;
}
